
Microsoft Visual Studio Solution File, Format Version 12.00
# Visual Studio Version 17
VisualStudioVersion = 17.2.32526.322
MinimumVisualStudioVersion = 10.0.40219.1
Project("{FAE04EC0-301F-11D3-BF4B-00C04F79EFBC}") = "PasswordChecker", "PasswordChecker\PasswordChecker.csproj", "{133A6CC9-EA52-489A-9EBC-47A409FE1B0D}"
EndProject
Global
	GlobalSection(SolutionConfigurationPlatforms) = preSolution
		Debug|Any CPU = Debug|Any CPU
		Release|Any CPU = Release|Any CPU
	EndGlobalSection
	GlobalSection(ProjectConfigurationPlatforms) = postSolution
		{133A6CC9-EA52-489A-9EBC-47A409FE1B0D}.Debug|Any CPU.ActiveCfg = Debug|Any CPU
		{133A6CC9-EA52-489A-9EBC-47A409FE1B0D}.Debug|Any CPU.Build.0 = Debug|Any CPU
		{133A6CC9-EA52-489A-9EBC-47A409FE1B0D}.Release|Any CPU.ActiveCfg = Release|Any CPU
		{133A6CC9-EA52-489A-9EBC-47A409FE1B0D}.Release|Any CPU.Build.0 = Release|Any CPU
	EndGlobalSection
	GlobalSection(SolutionProperties) = preSolution
		HideSolutionNode = FALSE
	EndGlobalSection
	GlobalSection(ExtensibilityGlobals) = postSolution
		SolutionGuid = {6C20E372-0C4D-4CA8-A728-8E595441C64F}
	EndGlobalSection
EndGlobal
